
Microsoft Visual Studio Solution File, Format Version 12.00
# Visual Studio Version 17
VisualStudioVersion = 17.1.32228.430
MinimumVisualStudioVersion = 10.0.40219.1
Project("{8BC9CEB8-8B4A-11D0-8D11-00A0C91BC942}") = "assignment2-3-1", "assignment2-3-1\assignment2-3-1.vcxproj", "{98C1C4E4-D339-4406-B2F6-9C254D08C5BF}"
EndProject
Global
	GlobalSection(SolutionConfigurationPlatforms) = preSolution
		Debug|x64 = Debug|x64
		Debug|x86 = Debug|x86
		Release|x64 = Release|x64
		Release|x86 = Release|x86
	EndGlobalSection
	GlobalSection(ProjectConfigurationPlatforms) = postSolution
		{98C1C4E4-D339-4406-B2F6-9C254D08C5BF}.Debug|x64.ActiveCfg = Debug|x64
		{98C1C4E4-D339-4406-B2F6-9C254D08C5BF}.Debug|x64.Build.0 = Debug|x64
		{98C1C4E4-D339-4406-B2F6-9C254D08C5BF}.Debug|x86.ActiveCfg = Debug|Win32
		{98C1C4E4-D339-4406-B2F6-9C254D08C5BF}.Debug|x86.Build.0 = Debug|Win32
		{98C1C4E4-D339-4406-B2F6-9C254D08C5BF}.Release|x64.ActiveCfg = Release|x64
		{98C1C4E4-D339-4406-B2F6-9C254D08C5BF}.Release|x64.Build.0 = Release|x64
		{98C1C4E4-D339-4406-B2F6-9C254D08C5BF}.Release|x86.ActiveCfg = Release|Win32
		{98C1C4E4-D339-4406-B2F6-9C254D08C5BF}.Release|x86.Build.0 = Release|Win32
	EndGlobalSection
	GlobalSection(SolutionProperties) = preSolution
		HideSolutionNode = FALSE
	EndGlobalSection
	GlobalSection(ExtensibilityGlobals) = postSolution
		SolutionGuid = {D4C50F32-4EEF-4EF5-90F5-E47C4B7E8B7E}
	EndGlobalSection
EndGlobal
